
Microsoft Visual Studio Solution File, Format Version 9.00
# Visual Studio 2005
# SharpDevelop 2.1.0.2503
Project("{FAE04EC0-301F-11D3-BF4B-00C04F79EFBC}") = "Cricri371 Id Tag Manager", "Cricri371 Id Tag Manager\Cricri371 Id Tag Manager.csproj", "{FE90A2A1-F65F-4E72-AF56-811761DB2634}"
EndProject
Global
	GlobalSection(SolutionConfigurationPlatforms) = preSolution
		Debug|Any CPU = Debug|Any CPU
		Release|Any CPU = Release|Any CPU
	EndGlobalSection
	GlobalSection(ProjectConfigurationPlatforms) = postSolution
		{FE90A2A1-F65F-4E72-AF56-811761DB2634}.Debug|Any CPU.Build.0 = Debug|Any CPU
		{FE90A2A1-F65F-4E72-AF56-811761DB2634}.Debug|Any CPU.ActiveCfg = Debug|Any CPU
		{FE90A2A1-F65F-4E72-AF56-811761DB2634}.Release|Any CPU.Build.0 = Release|Any CPU
		{FE90A2A1-F65F-4E72-AF56-811761DB2634}.Release|Any CPU.ActiveCfg = Release|Any CPU
	EndGlobalSection
EndGlobal
